
Microsoft Visual Studio Solution File, Format Version 12.00
# Visual Studio Version 17
VisualStudioVersion = 17.8.34330.188
MinimumVisualStudioVersion = 10.0.40219.1
Project("{8BC9CEB8-8B4A-11D0-8D11-00A0C91BC942}") = "CSDM", "CSDM\CSDM.vcxproj", "{3976C711-E634-424E-B59A-D861B8CC1726}"
EndProject
Global
	GlobalSection(SolutionConfigurationPlatforms) = preSolution
		Debug|x86 = Debug|x86
		Release|x86 = Release|x86
	EndGlobalSection
	GlobalSection(ProjectConfigurationPlatforms) = postSolution
		{3976C711-E634-424E-B59A-D861B8CC1726}.Debug|x86.ActiveCfg = Debug|Win32
		{3976C711-E634-424E-B59A-D861B8CC1726}.Debug|x86.Build.0 = Debug|Win32
		{3976C711-E634-424E-B59A-D861B8CC1726}.Release|x86.ActiveCfg = Release|Win32
		{3976C711-E634-424E-B59A-D861B8CC1726}.Release|x86.Build.0 = Release|Win32
	EndGlobalSection
	GlobalSection(SolutionProperties) = preSolution
		HideSolutionNode = FALSE
	EndGlobalSection
	GlobalSection(ExtensibilityGlobals) = postSolution
		SolutionGuid = {0DA15EB6-D075-4F21-946A-2AC9679B66DB}
	EndGlobalSection
EndGlobal
